
Microsoft Visual Studio Solution File, Format Version 12.00
# Visual Studio Version 16
VisualStudioVersion = 25.0.1706.1
MinimumVisualStudioVersion = 10.0.40219.1
Project("{FAE04EC0-301F-11D3-BF4B-00C04F79EFBC}") = "FirstApp", "FirstApp.csproj", "{8CFEFE0C-DCA4-4892-95B7-D780D68A9BE5}"
EndProject
Global
	GlobalSection(SolutionConfigurationPlatforms) = preSolution
		Debug|Any CPU = Debug|Any CPU
		Release|Any CPU = Release|Any CPU
	EndGlobalSection
	GlobalSection(ProjectConfigurationPlatforms) = postSolution
		{8CFEFE0C-DCA4-4892-95B7-D780D68A9BE5}.Debug|Any CPU.ActiveCfg = Debug|Any CPU
		{8CFEFE0C-DCA4-4892-95B7-D780D68A9BE5}.Debug|Any CPU.Build.0 = Debug|Any CPU
		{8CFEFE0C-DCA4-4892-95B7-D780D68A9BE5}.Release|Any CPU.ActiveCfg = Release|Any CPU
		{8CFEFE0C-DCA4-4892-95B7-D780D68A9BE5}.Release|Any CPU.Build.0 = Release|Any CPU
	EndGlobalSection
	GlobalSection(SolutionProperties) = preSolution
		HideSolutionNode = FALSE
	EndGlobalSection
	GlobalSection(ExtensibilityGlobals) = postSolution
		SolutionGuid = {3FC1A147-28AD-42B4-A882-579586993166}
	EndGlobalSection
EndGlobal
